# This file is automatically @generated by Poetry 1.8.2 and should not be changed by hand.

[[package]]
name = "cmake"
version = "3.28.4"
description = "CMake is an open-source, cross-platform family of tools designed to build, test and package software"
optional = false
python-versions = "*"
files = [
    {file = "cmake-3.28.4-py2.py3-none-macosx_10_10_universal2.macosx_10_10_x86_64.macosx_11_0_arm64.macosx_11_0_universal2.whl", hash = "sha256:d642ee5e0f8e7252c75968bae3a1729dbbff6965f9dfb76d2f1611c583de14fd"},
    {file = "cmake-3.28.4-py2.py3-none-manylinux2010_i686.manylinux_2_12_i686.whl", hash = "sha256:b45bc5d881727a6319d7f4b2b44e68e479ac76f18923a8eb551eb3869f2fe82a"},
    {file = "cmake-3.28.4-py2.py3-none-manylinux2010_x86_64.manylinux_2_12_x86_64.whl", hash = "sha256:f1b1bde70f6467aa7f20c110ca35a80256509311c57e487c2d195c4ea0aed08b"},
    {file = "cmake-3.28.4-py2.py3-none-manylinux2014_aarch64.manylinux_2_17_aarch64.whl", hash = "sha256:58e8de07e5f1b6dae1b211ce6c7ddfa0aa2fac30676947902c31919c74d765f3"},
    {file = "cmake-3.28.4-py2.py3-none-manylinux2014_i686.manylinux_2_17_i686.whl", hash = "sha256:7b874b94776d25d4c4a09b1006755c18a3ed74dc43ec887fa83a1b0e22c87c5d"},
    {file = "cmake-3.28.4-py2.py3-none-manylinux2014_ppc64le.manylinux_2_17_ppc64le.whl", hash = "sha256:83c7c569ce4c4a6bc57d2f2512c3ce3232a28aaf9ef1f95200368cf1e417c311"},
    {file = "cmake-3.28.4-py2.py3-none-manylinux2014_s390x.manylinux_2_17_s390x.whl", hash = "sha256:a140a6b22fcf8c126932a358b554ee7ee780018153f55cdd8014f7bf970c2dba"},
    {file = "cmake-3.28.4-py2.py3-none-manylinux2014_x86_64.manylinux_2_17_x86_64.whl", hash = "sha256:bc06b483cb2bcaf78184e66ac7fd0f3bbe4ed9a690369b1e4897b19568d566dd"},
    {file = "cmake-3.28.4-py2.py3-none-musllinux_1_1_aarch64.whl", hash = "sha256:8df18932454a0c10bc4255b71015b0cb46cb5ff815dfa7559580c0fa34d4c7bb"},
    {file = "cmake-3.28.4-py2.py3-none-musllinux_1_1_i686.whl", hash = "sha256:0c615eba2dc0381675351ccff1485249afb3b3ca3735b6af1b74fef5ef446d1c"},
    {file = "cmake-3.28.4-py2.py3-none-musllinux_1_1_ppc64le.whl", hash = "sha256:70e606a33cd4daba2a4ff132bf0358ebeb5f5595bba9ff24023c112604f64d81"},
    {file = "cmake-3.28.4-py2.py3-none-musllinux_1_1_s390x.whl", hash = "sha256:c21d79c77f83e506f0858bbe01ac4326d3014c8c0079388bd459b905d2acd30f"},
    {file = "cmake-3.28.4-py2.py3-none-musllinux_1_1_x86_64.whl", hash = "sha256:802a18564b27728b1251e39eebd8e414dda7c6f220848755d4402cfe8c85c181"},
    {file = "cmake-3.28.4-py2.py3-none-win32.whl", hash = "sha256:8c3a0284763c1a7cd5abbcb4bdd49c2489fe61c92e995cb963bb70eccaa5d4f9"},
    {file = "cmake-3.28.4-py2.py3-none-win_amd64.whl", hash = "sha256:58f065208ed5351314d3accc5bcf88d63d6fad2be933fd364a13abdc6398e832"},
    {file = "cmake-3.28.4-py2.py3-none-win_arm64.whl", hash = "sha256:213633f9e11c46dccc955169c4b1bac1775c1c9bfca99e393a7bd97bec3b5d11"},
    {file = "cmake-3.28.4.tar.gz", hash = "sha256:b9dd1010ebe951e1acce054c295d5f891a8ae12b295d158b66020c955ae861b4"},
]

[package.extras]
test = ["coverage (>=4.2)", "importlib-metadata (>=2.0)", "pytest (>=3.0.3)", "pytest-cov (>=2.4.0)"]

[[package]]
name = "numpy"
version = "1.26.4"
description = "Fundamental package for array computing in Python"
optional = false
python-versions = ">=3.9"
files = [
    {file = "numpy-1.26.4-cp310-cp310-macosx_10_9_x86_64.whl", hash = "sha256:9ff0f4f29c51e2803569d7a51c2304de5554655a60c5d776e35b4a41413830d0"},
    {file = "numpy-1.26.4-cp310-cp310-macosx_11_0_arm64.whl", hash = "sha256:2e4ee3380d6de9c9ec04745830fd9e2eccb3e6cf790d39d7b98ffd19b0dd754a"},
    {file = "numpy-1.26.4-cp310-cp310-manylinux_2_17_aarch64.manylinux2014_aarch64.whl", hash = "sha256:d209d8969599b27ad20994c8e41936ee0964e6da07478d6c35016bc386b66ad4"},
    {file = "numpy-1.26.4-cp310-cp310-manylinux_2_17_x86_64.manylinux2014_x86_64.whl", hash = "sha256:ffa75af20b44f8dba823498024771d5ac50620e6915abac414251bd971b4529f"},
    {file = "numpy-1.26.4-cp310-cp310-musllinux_1_1_aarch64.whl", hash = "sha256:62b8e4b1e28009ef2846b4c7852046736bab361f7aeadeb6a5b89ebec3c7055a"},
    {file = "numpy-1.26.4-cp310-cp310-musllinux_1_1_x86_64.whl", hash = "sha256:a4abb4f9001ad2858e7ac189089c42178fcce737e4169dc61321660f1a96c7d2"},
    {file = "numpy-1.26.4-cp310-cp310-win32.whl", hash = "sha256:bfe25acf8b437eb2a8b2d49d443800a5f18508cd811fea3181723922a8a82b07"},
    {file = "numpy-1.26.4-cp310-cp310-win_amd64.whl", hash = "sha256:b97fe8060236edf3662adfc2c633f56a08ae30560c56310562cb4f95500022d5"},
    {file = "numpy-1.26.4-cp311-cp311-macosx_10_9_x86_64.whl", hash = "sha256:4c66707fabe114439db9068ee468c26bbdf909cac0fb58686a42a24de1760c71"},
    {file = "numpy-1.26.4-cp311-cp311-macosx_11_0_arm64.whl", hash = "sha256:edd8b5fe47dab091176d21bb6de568acdd906d1887a4584a15a9a96a1dca06ef"},
    {file = "numpy-1.26.4-cp311-cp311-manylinux_2_17_aarch64.manylinux2014_aarch64.whl", hash = "sha256:7ab55401287bfec946ced39700c053796e7cc0e3acbef09993a9ad2adba6ca6e"},
    {file = "numpy-1.26.4-cp311-cp311-manylinux_2_17_x86_64.manylinux2014_x86_64.whl", hash = "sha256:666dbfb6ec68962c033a450943ded891bed2d54e6755e35e5835d63f4f6931d5"},
    {file = "numpy-1.26.4-cp311-cp311-musllinux_1_1_aarch64.whl", hash = "sha256:96ff0b2ad353d8f990b63294c8986f1ec3cb19d749234014f4e7eb0112ceba5a"},
    {file = "numpy-1.26.4-cp311-cp311-musllinux_1_1_x86_64.whl", hash = "sha256:60dedbb91afcbfdc9bc0b1f3f402804070deed7392c23eb7a7f07fa857868e8a"},
    {file = "numpy-1.26.4-cp311-cp311-win32.whl", hash = "sha256:1af303d6b2210eb850fcf03064d364652b7120803a0b872f5211f5234b399f20"},
    {file = "numpy-1.26.4-cp311-cp311-win_amd64.whl", hash = "sha256:cd25bcecc4974d09257ffcd1f098ee778f7834c3ad767fe5db785be9a4aa9cb2"},
    {file = "numpy-1.26.4-cp312-cp312-macosx_10_9_x86_64.whl", hash = "sha256:b3ce300f3644fb06443ee2222c2201dd3a89ea6040541412b8fa189341847218"},
    {file = "numpy-1.26.4-cp312-cp312-macosx_11_0_arm64.whl", hash = "sha256:03a8c78d01d9781b28a6989f6fa1bb2c4f2d51201cf99d3dd875df6fbd96b23b"},
    {file = "numpy-1.26.4-cp312-cp312-manylinux_2_17_aarch64.manylinux2014_aarch64.whl", hash = "sha256:9fad7dcb1aac3c7f0584a5a8133e3a43eeb2fe127f47e3632d43d677c66c102b"},
    {file = "numpy-1.26.4-cp312-cp312-manylinux_2_17_x86_64.manylinux2014_x86_64.whl", hash = "sha256:675d61ffbfa78604709862923189bad94014bef562cc35cf61d3a07bba02a7ed"},
    {file = "numpy-1.26.4-cp312-cp312-musllinux_1_1_aarch64.whl", hash = "sha256:ab47dbe5cc8210f55aa58e4805fe224dac469cde56b9f731a4c098b91917159a"},
    {file = "numpy-1.26.4-cp312-cp312-musllinux_1_1_x86_64.whl", hash = "sha256:1dda2e7b4ec9dd512f84935c5f126c8bd8b9f2fc001e9f54af255e8c5f16b0e0"},
    {file = "numpy-1.26.4-cp312-cp312-win32.whl", hash = "sha256:50193e430acfc1346175fcbdaa28ffec49947a06918b7b92130744e81e640110"},
    {file = "numpy-1.26.4-cp312-cp312-win_amd64.whl", hash = "sha256:08beddf13648eb95f8d867350f6a018a4be2e5ad54c8d8caed89ebca558b2818"},
    {file = "numpy-1.26.4-cp39-cp39-macosx_10_9_x86_64.whl", hash = "sha256:7349ab0fa0c429c82442a27a9673fc802ffdb7c7775fad780226cb234965e53c"},
    {file = "numpy-1.26.4-cp39-cp39-macosx_11_0_arm64.whl", hash = "sha256:52b8b60467cd7dd1e9ed082188b4e6bb35aa5cdd01777621a1658910745b90be"},
    {file = "numpy-1.26.4-cp39-cp39-manylinux_2_17_aarch64.manylinux2014_aarch64.whl", hash = "sha256:d5241e0a80d808d70546c697135da2c613f30e28251ff8307eb72ba696945764"},
    {file = "numpy-1.26.4-cp39-cp39-manylinux_2_17_x86_64.manylinux2014_x86_64.whl", hash = "sha256:f870204a840a60da0b12273ef34f7051e98c3b5961b61b0c2c1be6dfd64fbcd3"},
    {file = "numpy-1.26.4-cp39-cp39-musllinux_1_1_aarch64.whl", hash = "sha256:679b0076f67ecc0138fd2ede3a8fd196dddc2ad3254069bcb9faf9a79b1cebcd"},
    {file = "numpy-1.26.4-cp39-cp39-musllinux_1_1_x86_64.whl", hash = "sha256:47711010ad8555514b434df65f7d7b076bb8261df1ca9bb78f53d3b2db02e95c"},
    {file = "numpy-1.26.4-cp39-cp39-win32.whl", hash = "sha256:a354325ee03388678242a4d7ebcd08b5c727033fcff3b2f536aea978e15ee9e6"},
    {file = "numpy-1.26.4-cp39-cp39-win_amd64.whl", hash = "sha256:3373d5d70a5fe74a2c1bb6d2cfd9609ecf686d47a2d7b1d37a8f3b6bf6003aea"},
    {file = "numpy-1.26.4-pp39-pypy39_pp73-macosx_10_9_x86_64.whl", hash = "sha256:afedb719a9dcfc7eaf2287b839d8198e06dcd4cb5d276a3df279231138e83d30"},
    {file = "numpy-1.26.4-pp39-pypy39_pp73-manylinux_2_17_x86_64.manylinux2014_x86_64.whl", hash = "sha256:95a7476c59002f2f6c590b9b7b998306fba6a5aa646b1e22ddfeaf8f78c3a29c"},
    {file = "numpy-1.26.4-pp39-pypy39_pp73-win_amd64.whl", hash = "sha256:7e50d0a0cc3189f9cb0aeb3a6a6af18c16f59f004b866cd2be1c14b36134a4a0"},
    {file = "numpy-1.26.4.tar.gz", hash = "sha256:2a02aba9ed12e4ac4eb3ea9421c420301a0c6460d9830d74a9df87efa4912010"},
]

[[package]]
name = "pyopengl"
version = "3.1.7"
description = "Standard OpenGL bindings for Python"
optional = false
python-versions = "*"
files = [
    {file = "PyOpenGL-3.1.7-py3-none-any.whl", hash = "sha256:a6ab19cf290df6101aaf7470843a9c46207789855746399d0af92521a0a92b7a"},
    {file = "PyOpenGL-3.1.7.tar.gz", hash = "sha256:eef31a3888e6984fd4d8e6c9961b184c9813ca82604d37fe3da80eb000a76c86"},
]

[[package]]
name = "pyside6"
version = "6.6.2"
description = "Python bindings for the Qt cross-platform application and UI framework"
optional = false
python-versions = "<3.13,>=3.8"
files = [
    {file = "PySide6-6.6.2-cp38-abi3-macosx_11_0_universal2.whl", hash = "sha256:5bdaa27d1a921c35764d82a2ec86943488c818cb33b9e16b2784d539b45f6171"},
    {file = "PySide6-6.6.2-cp38-abi3-manylinux_2_28_x86_64.whl", hash = "sha256:3b6266fb29bab66526f2bbab2a6610f9f47a4df42ae6fb3713cd8329f593a561"},
    {file = "PySide6-6.6.2-cp38-abi3-manylinux_2_31_aarch64.whl", hash = "sha256:a8200b2a1f02e42adfd1f41bc60d52d157398778b6ba232d46ad7402bc6f91ec"},
    {file = "PySide6-6.6.2-cp38-abi3-win_amd64.whl", hash = "sha256:e359ebccd3f90fba85ebd5b93bdeadfa9e5d2fd06b3b5e8985aa5da50ca6243b"},
]

[package.dependencies]
PySide6-Addons = "6.6.2"
PySide6-Essentials = "6.6.2"
shiboken6 = "6.6.2"

[[package]]
name = "pyside6-addons"
version = "6.6.2"
description = "Python bindings for the Qt cross-platform application and UI framework (Addons)"
optional = false
python-versions = "<3.13,>=3.8"
files = [
    {file = "PySide6_Addons-6.6.2-cp38-abi3-macosx_11_0_universal2.whl", hash = "sha256:4fb00bc98bc8335177eaa8f6d70ba687ab9bf00b3ee343abbc7156040f3e586d"},
    {file = "PySide6_Addons-6.6.2-cp38-abi3-manylinux_2_28_x86_64.whl", hash = "sha256:cbdb7393de88a916ed1e9bd8407149f911717d1e06aee04119e26042679d8cce"},
    {file = "PySide6_Addons-6.6.2-cp38-abi3-manylinux_2_31_aarch64.whl", hash = "sha256:90f20dcf2caf69307e20d3d682cbe2b1a38e7ddb1f50f4f0e3ae4306219f8883"},
    {file = "PySide6_Addons-6.6.2-cp38-abi3-win_amd64.whl", hash = "sha256:748151fb49d5fe760b7cf6c88c4ec851e68d66a119939567407115948bf8a08f"},
]

[package.dependencies]
PySide6-Essentials = "6.6.2"
shiboken6 = "6.6.2"

[[package]]
name = "pyside6-essentials"
version = "6.6.2"
description = "Python bindings for the Qt cross-platform application and UI framework (Essentials)"
optional = false
python-versions = "<3.13,>=3.8"
files = [
    {file = "PySide6_Essentials-6.6.2-cp38-abi3-macosx_11_0_universal2.whl", hash = "sha256:41373f9b8fd17bb39a7dc7da85168508fe288955a17117c2e993339f387b23c1"},
    {file = "PySide6_Essentials-6.6.2-cp38-abi3-manylinux_2_28_x86_64.whl", hash = "sha256:90be2cf1a404f1c62777ccc6898895c864376f1fd68ae9f82f7622522bce5814"},
    {file = "PySide6_Essentials-6.6.2-cp38-abi3-manylinux_2_31_aarch64.whl", hash = "sha256:11496a322138eab4579c3683d2e3afebb41435412d4109394cb2b9ddaac66fe3"},
    {file = "PySide6_Essentials-6.6.2-cp38-abi3-win_amd64.whl", hash = "sha256:030a0565ad2d6361ed8be7826f81fe3dbb7a98330837687608e75cbede5f0ca2"},
]

[package.dependencies]
shiboken6 = "6.6.2"

[[package]]
name = "shiboken6"
version = "6.6.2"
description = "Python/C++ bindings helper module"
optional = false
python-versions = "<3.13,>=3.8"
files = [
    {file = "shiboken6-6.6.2-cp38-abi3-macosx_11_0_universal2.whl", hash = "sha256:531728324ad3ad4ed7b1d85d2dff548d618182d67024e16e84079f7db104590d"},
    {file = "shiboken6-6.6.2-cp38-abi3-manylinux_2_28_x86_64.whl", hash = "sha256:9da86622cee5e7201bafe9c5beee3c06d9168c6b8f3e2fac52c1b7df00956bff"},
    {file = "shiboken6-6.6.2-cp38-abi3-manylinux_2_31_aarch64.whl", hash = "sha256:60dbad15901ad6fff6e198d8668091bbb2f20b82729412e5fd4d47ac86c97d42"},
    {file = "shiboken6-6.6.2-cp38-abi3-win_amd64.whl", hash = "sha256:d4e99e7d1137a7d2c665a465b80baf820829dfba5fe474549d49b0ef81b0abf2"},
]

[metadata]
lock-version = "2.0"
python-versions = "3.10.10"
content-hash = "2863111baf2f9e6ca871fa48800dcfea007bb33768d46bb7fa0afbdd8e022d97"
